// !$*UTF8*$!
{
	archiveVersion = 1;
	classes = {
	};
	objectVersion = 50;
	objects = {

/* Begin PBXBuildFile section */
		CCC980E2252BE77C00ED4AB9 /* AppDelegate.swift in Sources */ = {isa = PBXBuildFile; fileRef = CCC980E1252BE77C00ED4AB9 /* AppDelegate.swift */; };
		CCC980E4252BE77C00ED4AB9 /* SceneDelegate.swift in Sources */ = {isa = PBXBuildFile; fileRef = CCC980E3252BE77C00ED4AB9 /* SceneDelegate.swift */; };
		CCC980E6252BE77C00ED4AB9 /* ViewController.swift in Sources */ = {isa = PBXBuildFile; fileRef = CCC980E5252BE77C00ED4AB9 /* ViewController.swift */; };
		CCC980E9252BE77C00ED4AB9 /* Main.storyboard in Resources */ = {isa = PBXBuildFile; fileRef = CCC980E7252BE77C00ED4AB9 /* Main.storyboard */; };
		CCC980EB252BE77E00ED4AB9 /* Assets.xcassets in Resources */ = {isa = PBXBuildFile; fileRef = CCC980EA252BE77E00ED4AB9 /* Assets.xcassets */; };
		CCC980EE252BE77E00ED4AB9 /* LaunchScreen.storyboard in Resources */ = {isa = PBXBuildFile; fileRef = CCC980EC252BE77E00ED4AB9 /* LaunchScreen.storyboard */; };
		CCC980F7252BEF7F00ED4AB9 /* Constants.swift in Sources */ = {isa = PBXBuildFile; fileRef = CCC980F6252BEF7F00ED4AB9 /* Constants.swift */; };
		CCC980FA252BF28000ED4AB9 /* Video.swift in Sources */ = {isa = PBXBuildFile; fileRef = CCC980F9252BF28000ED4AB9 /* Video.swift */; };
		CCC980FD252BF2B900ED4AB9 /* Model.swift in Sources */ = {isa = PBXBuildFile; fileRef = CCC980FC252BF2B900ED4AB9 /* Model.swift */; };
/* End PBXBuildFile section */

/* Begin PBXFileReference section */
		CCC980DE252BE77C00ED4AB9 /* youtube-onedaybuild-matt.app */ = {isa = PBXFileReference; explicitFileType = wrapper.application; includeInIndex = 0; path = "youtube-onedaybuild-matt.app"; sourceTree = BUILT_PRODUCTS_DIR; };
		CCC980E1252BE77C00ED4AB9 /* AppDelegate.swift */ = {isa = PBXFileReference; lastKnownFileType = sourcecode.swift; path = AppDelegate.swift; sourceTree = "<group>"; };
		CCC980E3252BE77C00ED4AB9 /* SceneDelegate.swift */ = {isa = PBXFileReference; lastKnownFileType = sourcecode.swift; path = SceneDelegate.swift; sourceTree = "<group>"; };
		CCC980E5252BE77C00ED4AB9 /* ViewController.swift */ = {isa = PBXFileReference; lastKnownFileType = sourcecode.swift; path = ViewController.swift; sourceTree = "<group>"; };
		CCC980E8252BE77C00ED4AB9 /* Base */ = {isa = PBXFileReference; lastKnownFileType = file.storyboard; name = Base; path = Base.lproj/Main.storyboard; sourceTree = "<group>"; };
		CCC980EA252BE77E00ED4AB9 /* Assets.xcassets */ = {isa = PBXFileReference; lastKnownFileType = folder.assetcatalog; path = Assets.xcassets; sourceTree = "<group>"; };
		CCC980ED252BE77E00ED4AB9 /* Base */ = {isa = PBXFileReference; lastKnownFileType = file.storyboard; name = Base; path = Base.lproj/LaunchScreen.storyboard; sourceTree = "<group>"; };
		CCC980EF252BE77E00ED4AB9 /* Info.plist */ = {isa = PBXFileReference; lastKnownFileType = text.plist.xml; path = Info.plist; sourceTree = "<group>"; };
		CCC980F6252BEF7F00ED4AB9 /* Constants.swift */ = {isa = PBXFileReference; lastKnownFileType = sourcecode.swift; path = Constants.swift; sourceTree = "<group>"; };
		CCC980F9252BF28000ED4AB9 /* Video.swift */ = {isa = PBXFileReference; lastKnownFileType = sourcecode.swift; path = Video.swift; sourceTree = "<group>"; };
		CCC980FC252BF2B900ED4AB9 /* Model.swift */ = {isa = PBXFileReference; lastKnownFileType = sourcecode.swift; path = Model.swift; sourceTree = "<group>"; };
/* End PBXFileReference section */

/* Begin PBXFrameworksBuildPhase section */
		CCC980DB252BE77C00ED4AB9 /* Frameworks */ = {
			isa = PBXFrameworksBuildPhase;
			buildActionMask = 2147483647;
			files = (
			);
			runOnlyForDeploymentPostprocessing = 0;
		};
/* End PBXFrameworksBuildPhase section */

/* Begin PBXGroup section */
		CCC980D5252BE77C00ED4AB9 = {
			isa = PBXGroup;
			children = (
				CCC980E0252BE77C00ED4AB9 /* youtube-onedaybuild-matt */,
				CCC980DF252BE77C00ED4AB9 /* Products */,
			);
			sourceTree = "<group>";
		};
		CCC980DF252BE77C00ED4AB9 /* Products */ = {
			isa = PBXGroup;
			children = (
				CCC980DE252BE77C00ED4AB9 /* youtube-onedaybuild-matt.app */,
			);
			name = Products;
			sourceTree = "<group>";
		};
		CCC980E0252BE77C00ED4AB9 /* youtube-onedaybuild-matt */ = {
			isa = PBXGroup;
			children = (
				CCC980E1252BE77C00ED4AB9 /* AppDelegate.swift */,
				CCC980E3252BE77C00ED4AB9 /* SceneDelegate.swift */,
				CCC980E5252BE77C00ED4AB9 /* ViewController.swift */,
				CCC980E7252BE77C00ED4AB9 /* Main.storyboard */,
				CCC980EA252BE77E00ED4AB9 /* Assets.xcassets */,
				CCC980EC252BE77E00ED4AB9 /* LaunchScreen.storyboard */,
				CCC980EF252BE77E00ED4AB9 /* Info.plist */,
				CCC980F6252BEF7F00ED4AB9 /* Constants.swift */,
				CCC980F9252BF28000ED4AB9 /* Video.swift */,
				CCC980FC252BF2B900ED4AB9 /* Model.swift */,
			);
			path = "youtube-onedaybuild-matt";
			sourceTree = "<group>";
		};
/* End PBXGroup section */

/* Begin PBXNativeTarget section */
		CCC980DD252BE77C00ED4AB9 /* youtube-onedaybuild-matt */ = {
			isa = PBXNativeTarget;
			buildConfigurationList = CCC980F2252BE77E00ED4AB9 /* Build configuration list for PBXNativeTarget "youtube-onedaybuild-matt" */;
			buildPhases = (
				CCC980DA252BE77C00ED4AB9 /* Sources */,
				CCC980DB252BE77C00ED4AB9 /* Frameworks */,
				CCC980DC252BE77C00ED4AB9 /* Resources */,
			);
			buildRules = (
			);
			dependencies = (
			);
			name = "youtube-onedaybuild-matt";
			productName = "youtube-onedaybuild-matt";
			productReference = CCC980DE252BE77C00ED4AB9 /* youtube-onedaybuild-matt.app */;
			productType = "com.apple.product-type.application";
		};
/* End PBXNativeTarget section */

/* Begin PBXProject section */
		CCC980D6252BE77C00ED4AB9 /* Project object */ = {
			isa = PBXProject;
			attributes = {
				LastSwiftUpdateCheck = 1200;
				LastUpgradeCheck = 1200;
				TargetAttributes = {
					CCC980DD252BE77C00ED4AB9 = {
						CreatedOnToolsVersion = 12.0.1;
					};
				};
			};
			buildConfigurationList = CCC980D9252BE77C00ED4AB9 /* Build configuration list for PBXProject "youtube-onedaybuild-matt" */;
			compatibilityVersion = "Xcode 9.3";
			developmentRegion = en;
			hasScannedForEncodings = 0;
			knownRegions = (
				en,
				Base,
			);
			mainGroup = CCC980D5252BE77C00ED4AB9;
			productRefGroup = CCC980DF252BE77C00ED4AB9 /* Products */;
			projectDirPath = "";
			projectRoot = "";
			targets = (
				CCC980DD252BE77C00ED4AB9 /* youtube-onedaybuild-matt */,
			);
		};
/* End PBXProject section */

/* Begin PBXResourcesBuildPhase section */
		CCC980DC252BE77C00ED4AB9 /* Resources */ = {
			isa = PBXResourcesBuildPhase;
			buildActionMask = 2147483647;
			files = (
				CCC980EE252BE77E00ED4AB9 /* LaunchScreen.storyboard in Resources */,
				CCC980EB252BE77E00ED4AB9 /* Assets.xcassets in Resources */,
				CCC980E9252BE77C00ED4AB9 /* Main.storyboard in Resources */,
			);
			runOnlyForDeploymentPostprocessing = 0;
		};
/* End PBXResourcesBuildPhase section */

/* Begin PBXSourcesBuildPhase section */
		CCC980DA252BE77C00ED4AB9 /* Sources */ = {
			isa = PBXSourcesBuildPhase;
			buildActionMask = 2147483647;
			files = (
				CCC980E6252BE77C00ED4AB9 /* ViewController.swift in Sources */,
				CCC980E2252BE77C00ED4AB9 /* AppDelegate.swift in Sources */,
				CCC980E4252BE77C00ED4AB9 /* SceneDelegate.swift in Sources */,
				CCC980FD252BF2B900ED4AB9 /* Model.swift in Sources */,
				CCC980F7252BEF7F00ED4AB9 /* Constants.swift in Sources */,
				CCC980FA252BF28000ED4AB9 /* Video.swift in Sources */,
			);
			runOnlyForDeploymentPostprocessing = 0;
		};
/* End PBXSourcesBuildPhase section */

/* Begin PBXVariantGroup section */
		CCC980E7252BE77C00ED4AB9 /* Main.storyboard */ = {
			isa = PBXVariantGroup;
			children = (
				CCC980E8252BE77C00ED4AB9 /* Base */,
			);
			name = Main.storyboard;
			sourceTree = "<group>";
		};
		CCC980EC252BE77E00ED4AB9 /* LaunchScreen.storyboard */ = {
			isa = PBXVariantGroup;
			children = (
				CCC980ED252BE77E00ED4AB9 /* Base */,
			);
			name = LaunchScreen.storyboard;
			sourceTree = "<group>";
		};
/* End PBXVariantGroup section */

/* Begin XCBuildConfiguration section */
		CCC980F0252BE77E00ED4AB9 /* Debug */ = {
			isa = XCBuildConfiguration;
			buildSettings = {
				ALWAYS_SEARCH_USER_PATHS = NO;
				CLANG_ANALYZER_NONNULL = YES;
				CLANG_ANALYZER_NUMBER_OBJECT_CONVERSION = YES_AGGRESSIVE;
				CLANG_CXX_LANGUAGE_STANDARD = "gnu++14";
				CLANG_CXX_LIBRARY = "libc++";
				CLANG_ENABLE_MODULES = YES;
				CLANG_ENABLE_OBJC_ARC = YES;
				CLANG_ENABLE_OBJC_WEAK = YES;
				CLANG_WARN_BLOCK_CAPTURE_AUTORELEASING = YES;
				CLANG_WARN_BOOL_CONVERSION = YES;
				CLANG_WARN_COMMA = YES;
				CLANG_WARN_CONSTANT_CONVERSION = YES;
				CLANG_WARN_DEPRECATED_OBJC_IMPLEMENTATIONS = YES;
				CLANG_WARN_DIRECT_OBJC_ISA_USAGE = YES_ERROR;
				CLANG_WARN_DOCUMENTATION_COMMENTS = YES;
				CLANG_WARN_EMPTY_BODY = YES;
				CLANG_WARN_ENUM_CONVERSION = YES;
				CLANG_WARN_INFINITE_RECURSION = YES;
				CLANG_WARN_INT_CONVERSION = YES;
				CLANG_WARN_NON_LITERAL_NULL_CONVERSION = YES;
				CLANG_WARN_OBJC_IMPLICIT_RETAIN_SELF = YES;
				CLANG_WARN_OBJC_LITERAL_CONVERSION = YES;
				CLANG_WARN_OBJC_ROOT_CLASS = YES_ERROR;
				CLANG_WARN_QUOTED_INCLUDE_IN_FRAMEWORK_HEADER = YES;
				CLANG_WARN_RANGE_LOOP_ANALYSIS = YES;
				CLANG_WARN_STRICT_PROTOTYPES = YES;
				CLANG_WARN_SUSPICIOUS_MOVE = YES;
				CLANG_WARN_UNGUARDED_AVAILABILITY = YES_AGGRESSIVE;
				CLANG_WARN_UNREACHABLE_CODE = YES;
				CLANG_WARN__DUPLICATE_METHOD_MATCH = YES;
				COPY_PHASE_STRIP = NO;
				DEBUG_INFORMATION_FORMAT = dwarf;
				ENABLE_STRICT_OBJC_MSGSEND = YES;
				ENABLE_TESTABILITY = YES;
				GCC_C_LANGUAGE_STANDARD = gnu11;
				GCC_DYNAMIC_NO_PIC = NO;
				GCC_NO_COMMON_BLOCKS = YES;
				GCC_OPTIMIZATION_LEVEL = 0;
				GCC_PREPROCESSOR_DEFINITIONS = (
					"DEBUG=1",
					"$(inherited)",
				);
				GCC_WARN_64_TO_32_BIT_CONVERSION = YES;
				GCC_WARN_ABOUT_RETURN_TYPE = YES_ERROR;
				GCC_WARN_UNDECLARED_SELECTOR = YES;
				GCC_WARN_UNINITIALIZED_AUTOS = YES_AGGRESSIVE;
				GCC_WARN_UNUSED_FUNCTION = YES;
				GCC_WARN_UNUSED_VARIABLE = YES;
				IPHONEOS_DEPLOYMENT_TARGET = 14.0;
				MTL_ENABLE_DEBUG_INFO = INCLUDE_SOURCE;
				MTL_FAST_MATH = YES;
				ONLY_ACTIVE_ARCH = YES;
				SDKROOT = iphoneos;
				SWIFT_ACTIVE_COMPILATION_CONDITIONS = DEBUG;
				SWIFT_OPTIMIZATION_LEVEL = "-Onone";
			};
			name = Debug;
		};
		CCC980F1252BE77E00ED4AB9 /* Release */ = {
			isa = XCBuildConfiguration;
			buildSettings = {
				ALWAYS_SEARCH_USER_PATHS = NO;
				CLANG_ANALYZER_NONNULL = YES;
				CLANG_ANALYZER_NUMBER_OBJECT_CONVERSION = YES_AGGRESSIVE;
				CLANG_CXX_LANGUAGE_STANDARD = "gnu++14";
				CLANG_CXX_LIBRARY = "libc++";
				CLANG_ENABLE_MODULES = YES;
				CLANG_ENABLE_OBJC_ARC = YES;
				CLANG_ENABLE_OBJC_WEAK = YES;
				CLANG_WARN_BLOCK_CAPTURE_AUTORELEASING = YES;
				CLANG_WARN_BOOL_CONVERSION = YES;
				CLANG_WARN_COMMA = YES;
				CLANG_WARN_CONSTANT_CONVERSION = YES;
				CLANG_WARN_DEPRECATED_OBJC_IMPLEMENTATIONS = YES;
				CLANG_WARN_DIRECT_OBJC_ISA_USAGE = YES_ERROR;
				CLANG_WARN_DOCUMENTATION_COMMENTS = YES;
				CLANG_WARN_EMPTY_BODY = YES;
				CLANG_WARN_ENUM_CONVERSION = YES;
				CLANG_WARN_INFINITE_RECURSION = YES;
				CLANG_WARN_INT_CONVERSION = YES;
				CLANG_WARN_NON_LITERAL_NULL_CONVERSION = YES;
				CLANG_WARN_OBJC_IMPLICIT_RETAIN_SELF = YES;
				CLANG_WARN_OBJC_LITERAL_CONVERSION = YES;
				CLANG_WARN_OBJC_ROOT_CLASS = YES_ERROR;
				CLANG_WARN_QUOTED_INCLUDE_IN_FRAMEWORK_HEADER = YES;
				CLANG_WARN_RANGE_LOOP_ANALYSIS = YES;
				CLANG_WARN_STRICT_PROTOTYPES = YES;
				CLANG_WARN_SUSPICIOUS_MOVE = YES;
				CLANG_WARN_UNGUARDED_AVAILABILITY = YES_AGGRESSIVE;
				CLANG_WARN_UNREACHABLE_CODE = YES;
				CLANG_WARN__DUPLICATE_METHOD_MATCH = YES;
				COPY_PHASE_STRIP = NO;
				DEBUG_INFORMATION_FORMAT = "dwarf-with-dsym";
				ENABLE_NS_ASSERTIONS = NO;
				ENABLE_STRICT_OBJC_MSGSEND = YES;
				GCC_C_LANGUAGE_STANDARD = gnu11;
				GCC_NO_COMMON_BLOCKS = YES;
				GCC_WARN_64_TO_32_BIT_CONVERSION = YES;
				GCC_WARN_ABOUT_RETURN_TYPE = YES_ERROR;
				GCC_WARN_UNDECLARED_SELECTOR = YES;
				GCC_WARN_UNINITIALIZED_AUTOS = YES_AGGRESSIVE;
				GCC_WARN_UNUSED_FUNCTION = YES;
				GCC_WARN_UNUSED_VARIABLE = YES;
				IPHONEOS_DEPLOYMENT_TARGET = 14.0;
				MTL_ENABLE_DEBUG_INFO = NO;
				MTL_FAST_MATH = YES;
				SDKROOT = iphoneos;
				SWIFT_COMPILATION_MODE = wholemodule;
				SWIFT_OPTIMIZATION_LEVEL = "-O";
				VALIDATE_PRODUCT = YES;
			};
			name = Release;
		};
		CCC980F3252BE77E00ED4AB9 /* Debug */ = {
			isa = XCBuildConfiguration;
			buildSettings = {
				ASSETCATALOG_COMPILER_APPICON_NAME = AppIcon;
				ASSETCATALOG_COMPILER_GLOBAL_ACCENT_COLOR_NAME = AccentColor;
				CODE_SIGN_STYLE = Automatic;
				DEVELOPMENT_TEAM = H6FAP3ZK8W;
				INFOPLIST_FILE = "youtube-onedaybuild-matt/Info.plist";
				LD_RUNPATH_SEARCH_PATHS = (
					"$(inherited)",
					"@executable_path/Frameworks",
				);
				PRODUCT_BUNDLE_IDENTIFIER = "com.shinier.youtube-onedaybuild-matt";
				PRODUCT_NAME = "$(TARGET_NAME)";
				SWIFT_VERSION = 5.0;
				TARGETED_DEVICE_FAMILY = "1,2";
			};
			name = Debug;
		};
		CCC980F4252BE77E00ED4AB9 /* Release */ = {
			isa = XCBuildConfiguration;
			buildSettings = {
				ASSETCATALOG_COMPILER_APPICON_NAME = AppIcon;
				ASSETCATALOG_COMPILER_GLOBAL_ACCENT_COLOR_NAME = AccentColor;
				CODE_SIGN_STYLE = Automatic;
				DEVELOPMENT_TEAM = H6FAP3ZK8W;
				INFOPLIST_FILE = "youtube-onedaybuild-matt/Info.plist";
				LD_RUNPATH_SEARCH_PATHS = (
					"$(inherited)",
					"@executable_path/Frameworks",
				);
				PRODUCT_BUNDLE_IDENTIFIER = "com.shinier.youtube-onedaybuild-matt";
				PRODUCT_NAME = "$(TARGET_NAME)";
				SWIFT_VERSION = 5.0;
				TARGETED_DEVICE_FAMILY = "1,2";
			};
			name = Release;
		};
/* End XCBuildConfiguration section */

/* Begin XCConfigurationList section */
		CCC980D9252BE77C00ED4AB9 /* Build configuration list for PBXProject "youtube-onedaybuild-matt" */ = {
			isa = XCConfigurationList;
			buildConfigurations = (
				CCC980F0252BE77E00ED4AB9 /* Debug */,
				CCC980F1252BE77E00ED4AB9 /* Release */,
			);
			defaultConfigurationIsVisible = 0;
			defaultConfigurationName = Release;
		};
		CCC980F2252BE77E00ED4AB9 /* Build configuration list for PBXNativeTarget "youtube-onedaybuild-matt" */ = {
			isa = XCConfigurationList;
			buildConfigurations = (
				CCC980F3252BE77E00ED4AB9 /* Debug */,
				CCC980F4252BE77E00ED4AB9 /* Release */,
			);
			defaultConfigurationIsVisible = 0;
			defaultConfigurationName = Release;
		};
/* End XCConfigurationList section */
	};
	rootObject = CCC980D6252BE77C00ED4AB9 /* Project object */;
}
